{
  "meteor": {
    "git": "https://github.com/meteor/meteor.git",
    "branch": "master",
    "commit": "3753c989fd6c26406409b4b27f86ac9331e38346"
  },
  "dependencies": {
    "basePackages": {
      "moment": {},
      "router": {},
      "imgur": {},
      "logger": {}
    },
    "packages": {
      "moment": {
        "git": "https://github.com/possibilities/meteor-moment.git",
        "tag": "v1.7.0",
        "commit": "c64b6ec0e714b9556f4b6643d430b868ba69d3d7"
      },
      "router": {
        "git": "https://github.com/tmeasday/meteor-router.git",
        "tag": "v0.3.5",
        "commit": "e8e63db2411204f0a6589b74dd591babbfb2da1a"
      },
      "imgur": {
        "git": "https://github.com/grmlin/meteor-imgur.git",
        "tag": "v0.1.0",
        "commit": "0781b66ce15a4d9afaed98455761a5b7a2104125"
      },
      "logger": {
        "git": "https://github.com/jerico-dev/meteor-logger.git",
        "tag": "v0.1.2",
        "commit": "8811ff33e4787d7c564e030ff3afaa3d7c4981fc"
      },
      "page-js": {
        "git": "https://github.com/tmeasday/meteor-page-js.git",
        "tag": "v1.3.5",
        "commit": "c652f795a86498aa4609ab637a694710421cb218"
      }
    }
  }
}
