{
  "meteor": {
    "git": "https://github.com/meteor/meteor.git",
    "branch": "master",
    "commit": "2d8b41a87cec884489ead138b5dfea31487363f3"
  },
  "dependencies": {
    "basePackages": {
      "moment": {},
      "bootstrap-updated": {},
      "font-awesome": {},
      "bafa": {},
      "router": {},
      "jade-handlebars": {},
      "handlebar-helpers": {},
      "dhtmlx-message": {},
      "browser-store": {},
      "stripe": {},
      "collectionFS": {},
      "imgur": {},
      "logger": {},
      "canvas-image-manipulation": {},
      "jqbootstrapvalidation": {}
    },
    "packages": {
      "moment": {
        "git": "https://github.com/possibilities/meteor-moment.git",
        "tag": "v1.7.0",
        "commit": "c64b6ec0e714b9556f4b6643d430b868ba69d3d7"
      },
      "bootstrap-updated": {
        "git": "https://github.com/Charuru/bootstrap-updated.git",
        "tag": "v1.0.1",
        "commit": "bdd5fcc8e134e62bcbb9d11aad8270534ffb6493"
      },
      "font-awesome": {
        "git": "https://github.com/nate-strauser/meteor-font-awesome.git",
        "tag": "v0.1.3",
        "commit": "e507577b97827de662866304f8b9d3d553e3912f"
      },
      "bafa": {
        "git": "https://github.com/jackp/BAFA.git",
        "tag": "v0.3.0",
        "commit": "cf8c9b0be42b21cb0203c6d08926529c4e00b0c6"
      },
      "router": {
        "git": "https://github.com/tmeasday/meteor-router.git",
        "tag": "v0.3.5",
        "commit": "e8e63db2411204f0a6589b74dd591babbfb2da1a"
      },
      "jade-handlebars": {
        "git": "https://github.com/SimonDegraeve/meteor-jade-handlebars.git",
        "tag": "v0.2.7",
        "commit": "82f6f9ac43a68ffabe1d9b9620be2a4ca6790b56"
      },
      "handlebar-helpers": {
        "git": "https://github.com/raix/Meteor-handlebar-helpers.git",
        "tag": "v0.0.5",
        "commit": "bedecf71d04097773b359ccbf6e5bd97fcb53f8e"
      },
      "dhtmlx-message": {
        "git": "https://github.com/DHTMLX/meteor-message.git",
        "tag": "v1.0.0",
        "commit": "cf09fabadcf5e099778e4b52f5ed78e4cc1bc18b"
      },
      "browser-store": {
        "git": "https://github.com/awwx/meteor-browser-store.git",
        "tag": "v0.1.0",
        "commit": "ab31f1ced57a686f04547f0c7bfc04cae4c96ac9"
      },
      "stripe": {
        "git": "https://github.com/appleifreak/stripe-meteor.git",
        "tag": "v1.0.0",
        "commit": "152de8922a7e0f3d1d131ef457d566f8654c0743"
      },
      "collectionFS": {
        "git": "https://github.com/raix/Meteor-CollectionFS.git",
        "tag": "v0.1.6",
        "commit": "bb1bdb208a1c9da536d99f1cdcb709f551a1b3da"
      },
      "imgur": {
        "git": "https://github.com/grmlin/meteor-imgur.git",
        "tag": "v0.1.0",
        "commit": "0781b66ce15a4d9afaed98455761a5b7a2104125"
      },
      "logger": {
        "git": "https://github.com/jerico-dev/meteor-logger.git",
        "tag": "v0.1.2",
        "commit": "8811ff33e4787d7c564e030ff3afaa3d7c4981fc"
      },
      "canvas-image-manipulation": {
        "git": "https://github.com/jackp/canvas-image-manipulation.git",
        "tag": "v0.1.0",
        "commit": "bd29971e84b1f37168bca4548f621df26845c978"
      },
      "jqbootstrapvalidation": {
        "git": "https://github.com/nate-strauser/meteor-jqbootstrapvalidation.git",
        "tag": "v0.1.0",
        "commit": "2af4625d41a9b24311544a53790f14fa38c27b10"
      },
      "page-js": {
        "git": "https://github.com/tmeasday/meteor-page-js.git",
        "tag": "v1.3.5",
        "commit": "c652f795a86498aa4609ab637a694710421cb218"
      },
      "transitioner": {
        "git": "https://github.com/mvanasse/meteor-transitioner.git",
        "commit": "0dc708e955ad675ba52cf1d668f337167557e88f"
      }
    }
  }
}
