{
  "meteor": {
    "git": "https://github.com/meteor/meteor.git",
    "branch": "master",
    "commit": "f07715dc70de16a7aab84e56ab0c6cbd9c1f9dc6"
  },
  "dependencies": {
    "basePackages": {
      "moment": {},
      "bootstrap-updated": {},
      "font-awesome": {},
      "bafa": {},
      "router": {},
      "jade-handlebars": {},
      "handlebar-helpers": {},
      "stripe": {},
      "collectionFS": {},
      "imgur": {},
      "logger": {},
      "canvas-image-manipulation": {},
      "jqbootstrapvalidation": {},
      "publish-with-relations": {},
      "mocha-web": {},
      "event-horizon": {},
      "session-extras": {}
    },
    "packages": {
      "moment": {
        "git": "https://github.com/possibilities/meteor-moment.git",
        "tag": "v1.7.0",
        "commit": "c64b6ec0e714b9556f4b6643d430b868ba69d3d7"
      },
      "bootstrap-updated": {
        "git": "https://github.com/Charuru/bootstrap-updated.git",
        "tag": "v1.0.1",
        "commit": "bdd5fcc8e134e62bcbb9d11aad8270534ffb6493"
      },
      "font-awesome": {
        "git": "https://github.com/nate-strauser/meteor-font-awesome.git",
        "tag": "v0.1.3",
        "commit": "e507577b97827de662866304f8b9d3d553e3912f"
      },
      "bafa": {
        "git": "https://github.com/jackp/BAFA.git",
        "tag": "v0.3.0",
        "commit": "cf8c9b0be42b21cb0203c6d08926529c4e00b0c6"
      },
      "router": {
        "git": "https://github.com/tmeasday/meteor-router.git",
        "tag": "v0.4.3",
        "commit": "0691a6e2c4c249ce7d00cd6dc7ad27e1c7330a31"
      },
      "jade-handlebars": {
        "git": "https://github.com/SimonDegraeve/meteor-jade-handlebars.git",
        "tag": "v0.2.7",
        "commit": "82f6f9ac43a68ffabe1d9b9620be2a4ca6790b56"
      },
      "handlebar-helpers": {
        "git": "https://github.com/raix/Meteor-handlebar-helpers.git",
        "tag": "v0.0.5",
        "commit": "bedecf71d04097773b359ccbf6e5bd97fcb53f8e"
      },
      "stripe": {
        "git": "https://github.com/appleifreak/stripe-meteor.git",
        "tag": "v1.0.0",
        "commit": "152de8922a7e0f3d1d131ef457d566f8654c0743"
      },
      "collectionFS": {
        "git": "https://github.com/raix/Meteor-CollectionFS.git",
        "tag": "v0.1.7",
        "commit": "56bd223feaeac28063888d90dad36bd53885d1e7"
      },
      "imgur": {
        "git": "https://github.com/grmlin/meteor-imgur.git",
        "tag": "v0.1.0",
        "commit": "0781b66ce15a4d9afaed98455761a5b7a2104125"
      },
      "logger": {
        "git": "https://github.com/jerico-dev/meteor-logger.git",
        "tag": "v0.1.2",
        "commit": "8811ff33e4787d7c564e030ff3afaa3d7c4981fc"
      },
      "canvas-image-manipulation": {
        "git": "https://github.com/jackp/canvas-image-manipulation.git",
        "tag": "v0.1.0",
        "commit": "bd29971e84b1f37168bca4548f621df26845c978"
      },
      "jqbootstrapvalidation": {
        "git": "https://github.com/nate-strauser/meteor-jqbootstrapvalidation.git",
        "tag": "v0.1.0",
        "commit": "2af4625d41a9b24311544a53790f14fa38c27b10"
      },
      "publish-with-relations": {
        "git": "https://github.com/erundook/meteor-publish-with-relations.git",
        "tag": "v0.1.3",
        "commit": "ab53930b4934e8b25330fd1fa3ac6d7d365eb201"
      },
      "mocha-web": {
        "git": "https://github.com/mad-eye/meteor-mocha-web.git",
        "tag": "v0.1.0",
        "commit": "540fd609af4e4cfa921a1ef1151bee542d2e06a4"
      },
      "event-horizon": {
        "git": "https://github.com/belisarius222/meteor-event-horizon.git",
        "tag": "v0.1.1",
        "commit": "f7d19e16bf7527c34d853a9bc9002e9be53bdb9b"
      },
      "session-extras": {
        "git": "https://github.com/belisarius222/meteor-session-extras.git",
        "tag": "v0.3.0",
        "commit": "0c49d41009821e76f46af3ad65d0a1d5bfa8d4eb"
      },
      "page-js-ie-support": {
        "git": "https://github.com/tmeasday/meteor-page-js-ie-support.git",
        "tag": "v1.3.5",
        "commit": "b99ed8380aefd10b2afc8f18d9eed4dd0d8ea9cb"
      },
      "transitioner": {
        "git": "https://github.com/mvanasse/meteor-transitioner.git",
        "tag": "v0.2.2",
        "commit": "c93883efffc23a1eb29f91732bb938bc3f38b274"
      },
      "browser-store": {
        "git": "https://github.com/mvanasse/meteor-browser-store.git",
        "tag": "v0.1.0",
        "commit": "3f2062b1ae2fb20878226f6a8d7c1e86f28dde64"
      }

    }
  }
}
